
Microsoft Visual Studio Solution File, Format Version 12.00
# Visual Studio 15
VisualStudioVersion = 15.0.27130.2027
MinimumVisualStudioVersion = 10.0.40219.1
Project("{2150E333-8FDC-42A3-9474-1A3956D46DE8}") = "src", "src", "{A5EA2C7D-846F-4266-8423-EFC4BA0FE4B6}"
EndProject
Project("{2150E333-8FDC-42A3-9474-1A3956D46DE8}") = "testapps", "testapps", "{BB3CF729-8213-4DDD-85AE-A5E7754F3944}"
EndProject
Project("{9A19103F-16F7-4668-BE54-9A1E7A4F7556}") = "Amazon.ECS.Tools", "src\Amazon.ECS.Tools\Amazon.ECS.Tools.csproj", "{79EECA62-3315-4AAE-B06A-2E3C83FF4280}"
EndProject
Project("{9A19103F-16F7-4668-BE54-9A1E7A4F7556}") = "Amazon.Common.DotNetCli.Tools", "src\Amazon.Common.DotNetCli.Tools\Amazon.Common.DotNetCli.Tools.csproj", "{C538F047-D739-4806-88AC-93A536BF7278}"
EndProject
Project("{9A19103F-16F7-4668-BE54-9A1E7A4F7556}") = "Amazon.ElasticBeanstalk.Tools", "src\Amazon.ElasticBeanstalk.Tools\Amazon.ElasticBeanstalk.Tools.csproj", "{F4F93A01-7772-4C5F-BD18-3C8E04A46207}"
EndProject
Project("{2150E333-8FDC-42A3-9474-1A3956D46DE8}") = "test", "test", "{BB0A8314-3127-4159-8B6A-64F97FEF9474}"
EndProject
Project("{9A19103F-16F7-4668-BE54-9A1E7A4F7556}") = "Amazon.Common.DotNetCli.Tools.Test", "test\Amazon.Common.DotNetCli.Tools.Test\Amazon.Common.DotNetCli.Tools.Test.csproj", "{8F6CB4AE-169E-4C43-B912-BBADD63675FA}"
EndProject
Project("{9A19103F-16F7-4668-BE54-9A1E7A4F7556}") = "HelloWorldWebApp", "testapps\HelloWorldWebApp\HelloWorldWebApp.csproj", "{19B88F1C-E9BE-4B6C-AAD7-784A187D7961}"
EndProject
Project("{9A19103F-16F7-4668-BE54-9A1E7A4F7556}") = "Amazon.Tools.TestHelpers", "test\Amazon.Tools.TestHelpers\Amazon.Tools.TestHelpers.csproj", "{01AFED7A-78F1-4B21-A109-4431277AB854}"
EndProject
Project("{9A19103F-16F7-4668-BE54-9A1E7A4F7556}") = "Amazon.ECS.Tools.Test", "test\Amazon.ECS.Tools.Test\Amazon.ECS.Tools.Test.csproj", "{71324B07-0CDA-4DF1-AECD-ADA714DEF6DD}"
EndProject
Project("{2150E333-8FDC-42A3-9474-1A3956D46DE8}") = "Solution Items", "Solution Items", "{90827CB6-7488-4B53-904B-F045BCC754F3}"
	ProjectSection(SolutionItems) = preProject
		README.md = README.md
		RELEASE.CHANGELOG.md = RELEASE.CHANGELOG.md
	EndProjectSection
EndProject
Project("{9A19103F-16F7-4668-BE54-9A1E7A4F7556}") = "Amazon.Lambda.Tools", "src\Amazon.Lambda.Tools\Amazon.Lambda.Tools.csproj", "{26CEBD54-FC5B-4437-A009-6643EE849413}"
EndProject
Project("{9A19103F-16F7-4668-BE54-9A1E7A4F7556}") = "Amazon.Lambda.Tools.Test", "test\Amazon.Lambda.Tools.Test\Amazon.Lambda.Tools.Test.csproj", "{1AABF5E9-B0D2-455D-AF73-C2DB3C5F9A78}"
EndProject
Project("{9A19103F-16F7-4668-BE54-9A1E7A4F7556}") = "TestFunction", "testapps\TestFunction\TestFunction.csproj", "{C7142321-EA67-4BEA-9503-1D5BD183CDD2}"
EndProject
Project("{2150E333-8FDC-42A3-9474-1A3956D46DE8}") = "FlattenDependencyTestProjects", "FlattenDependencyTestProjects", "{9F4516D5-D045-4840-BA4D-34EF4684C6CB}"
EndProject
Project("{9A19103F-16F7-4668-BE54-9A1E7A4F7556}") = "NativeDependencyExample", "testapps\FlattenDependencyTestProjects\NativeDependencyExample\NativeDependencyExample.csproj", "{819B395F-AE98-4985-8466-F476E9A7B741}"
EndProject
Project("{9A19103F-16F7-4668-BE54-9A1E7A4F7556}") = "NpgsqlExample", "testapps\FlattenDependencyTestProjects\NpgsqlExample\NpgsqlExample.csproj", "{04DFC105-95BA-46C9-B8C9-010FF2C29546}"
EndProject
Project("{9A19103F-16F7-4668-BE54-9A1E7A4F7556}") = "SQLServerClientExample", "testapps\FlattenDependencyTestProjects\SQLServerClientExample\SQLServerClientExample.csproj", "{79364EBD-D695-4121-80E9-F1F709C597BE}"
EndProject
Project("{2150E333-8FDC-42A3-9474-1A3956D46DE8}") = "DependencyCheckTestProjects", "DependencyCheckTestProjects", "{BA0346AF-2FAF-4D56-95A3-CE1FD90A947F}"
EndProject
Project("{9A19103F-16F7-4668-BE54-9A1E7A4F7556}") = "Use11ASPNetCoreDependencies", "testapps\DependencyCheckTestProjects\Use11ASPNetCoreDependencies\Use11ASPNetCoreDependencies.csproj", "{0834DB79-A735-4CE1-9BF5-9AA93D5B975D}"
EndProject
Project("{9A19103F-16F7-4668-BE54-9A1E7A4F7556}") = "UseNewtonsoft10", "testapps\DependencyCheckTestProjects\UseNewtonsoft10\UseNewtonsoft10.csproj", "{9AB90307-BDAE-49CB-B0E1-311573F60A13}"
EndProject
Project("{2150E333-8FDC-42A3-9474-1A3956D46DE8}") = "TemplateSubstitutionTestProjects", "TemplateSubstitutionTestProjects", "{5BF49662-B74E-4F54-913F-BB4BF6BE5634}"
EndProject
Project("{9A19103F-16F7-4668-BE54-9A1E7A4F7556}") = "StateMachineDefinitionStringTest", "testapps\TemplateSubstitutionTestProjects\StateMachineDefinitionStringTest\StateMachineDefinitionStringTest.csproj", "{75F71501-0971-4CA4-8686-E61619FD9CF8}"
EndProject
Project("{9A19103F-16F7-4668-BE54-9A1E7A4F7556}") = "TestServerlessWebApp", "testapps\TestServerlessWebApp\TestServerlessWebApp.csproj", "{0A47A38F-EFB5-4DCF-9CEC-5F6FBC8D5EC6}"
EndProject
Project("{9A19103F-16F7-4668-BE54-9A1E7A4F7556}") = "ServerlessWithYamlFunction", "testapps\ServerlessWithYamlFunction\ServerlessWithYamlFunction.csproj", "{BB4BD9D9-D307-4F81-A89E-833DA688629B}"
EndProject
Project("{9A19103F-16F7-4668-BE54-9A1E7A4F7556}") = "NativeDependencyExample2", "testapps\FlattenDependencyTestProjects\NativeDependencyExample2\NativeDependencyExample2.csproj", "{846348DD-9034-4C36-8342-955B1BAA42C5}"
EndProject
Global
	GlobalSection(SolutionConfigurationPlatforms) = preSolution
		Debug|Any CPU = Debug|Any CPU
		Release|Any CPU = Release|Any CPU
	EndGlobalSection
	GlobalSection(ProjectConfigurationPlatforms) = postSolution
		{79EECA62-3315-4AAE-B06A-2E3C83FF4280}.Debug|Any CPU.ActiveCfg = Debug|Any CPU
		{79EECA62-3315-4AAE-B06A-2E3C83FF4280}.Debug|Any CPU.Build.0 = Debug|Any CPU
		{79EECA62-3315-4AAE-B06A-2E3C83FF4280}.Release|Any CPU.ActiveCfg = Release|Any CPU
		{79EECA62-3315-4AAE-B06A-2E3C83FF4280}.Release|Any CPU.Build.0 = Release|Any CPU
		{C538F047-D739-4806-88AC-93A536BF7278}.Debug|Any CPU.ActiveCfg = Debug|Any CPU
		{C538F047-D739-4806-88AC-93A536BF7278}.Debug|Any CPU.Build.0 = Debug|Any CPU
		{C538F047-D739-4806-88AC-93A536BF7278}.Release|Any CPU.ActiveCfg = Release|Any CPU
		{C538F047-D739-4806-88AC-93A536BF7278}.Release|Any CPU.Build.0 = Release|Any CPU
		{F4F93A01-7772-4C5F-BD18-3C8E04A46207}.Debug|Any CPU.ActiveCfg = Debug|Any CPU
		{F4F93A01-7772-4C5F-BD18-3C8E04A46207}.Debug|Any CPU.Build.0 = Debug|Any CPU
		{F4F93A01-7772-4C5F-BD18-3C8E04A46207}.Release|Any CPU.ActiveCfg = Release|Any CPU
		{F4F93A01-7772-4C5F-BD18-3C8E04A46207}.Release|Any CPU.Build.0 = Release|Any CPU
		{8F6CB4AE-169E-4C43-B912-BBADD63675FA}.Debug|Any CPU.ActiveCfg = Debug|Any CPU
		{8F6CB4AE-169E-4C43-B912-BBADD63675FA}.Debug|Any CPU.Build.0 = Debug|Any CPU
		{8F6CB4AE-169E-4C43-B912-BBADD63675FA}.Release|Any CPU.ActiveCfg = Release|Any CPU
		{8F6CB4AE-169E-4C43-B912-BBADD63675FA}.Release|Any CPU.Build.0 = Release|Any CPU
		{19B88F1C-E9BE-4B6C-AAD7-784A187D7961}.Debug|Any CPU.ActiveCfg = Debug|Any CPU
		{19B88F1C-E9BE-4B6C-AAD7-784A187D7961}.Debug|Any CPU.Build.0 = Debug|Any CPU
		{19B88F1C-E9BE-4B6C-AAD7-784A187D7961}.Release|Any CPU.ActiveCfg = Release|Any CPU
		{19B88F1C-E9BE-4B6C-AAD7-784A187D7961}.Release|Any CPU.Build.0 = Release|Any CPU
		{01AFED7A-78F1-4B21-A109-4431277AB854}.Debug|Any CPU.ActiveCfg = Debug|Any CPU
		{01AFED7A-78F1-4B21-A109-4431277AB854}.Debug|Any CPU.Build.0 = Debug|Any CPU
		{01AFED7A-78F1-4B21-A109-4431277AB854}.Release|Any CPU.ActiveCfg = Release|Any CPU
		{01AFED7A-78F1-4B21-A109-4431277AB854}.Release|Any CPU.Build.0 = Release|Any CPU
		{71324B07-0CDA-4DF1-AECD-ADA714DEF6DD}.Debug|Any CPU.ActiveCfg = Debug|Any CPU
		{71324B07-0CDA-4DF1-AECD-ADA714DEF6DD}.Debug|Any CPU.Build.0 = Debug|Any CPU
		{71324B07-0CDA-4DF1-AECD-ADA714DEF6DD}.Release|Any CPU.ActiveCfg = Release|Any CPU
		{71324B07-0CDA-4DF1-AECD-ADA714DEF6DD}.Release|Any CPU.Build.0 = Release|Any CPU
		{26CEBD54-FC5B-4437-A009-6643EE849413}.Debug|Any CPU.ActiveCfg = Debug|Any CPU
		{26CEBD54-FC5B-4437-A009-6643EE849413}.Debug|Any CPU.Build.0 = Debug|Any CPU
		{26CEBD54-FC5B-4437-A009-6643EE849413}.Release|Any CPU.ActiveCfg = Release|Any CPU
		{26CEBD54-FC5B-4437-A009-6643EE849413}.Release|Any CPU.Build.0 = Release|Any CPU
		{1AABF5E9-B0D2-455D-AF73-C2DB3C5F9A78}.Debug|Any CPU.ActiveCfg = Debug|Any CPU
		{1AABF5E9-B0D2-455D-AF73-C2DB3C5F9A78}.Debug|Any CPU.Build.0 = Debug|Any CPU
		{1AABF5E9-B0D2-455D-AF73-C2DB3C5F9A78}.Release|Any CPU.ActiveCfg = Release|Any CPU
		{1AABF5E9-B0D2-455D-AF73-C2DB3C5F9A78}.Release|Any CPU.Build.0 = Release|Any CPU
		{C7142321-EA67-4BEA-9503-1D5BD183CDD2}.Debug|Any CPU.ActiveCfg = Debug|Any CPU
		{C7142321-EA67-4BEA-9503-1D5BD183CDD2}.Debug|Any CPU.Build.0 = Debug|Any CPU
		{C7142321-EA67-4BEA-9503-1D5BD183CDD2}.Release|Any CPU.ActiveCfg = Release|Any CPU
		{C7142321-EA67-4BEA-9503-1D5BD183CDD2}.Release|Any CPU.Build.0 = Release|Any CPU
		{819B395F-AE98-4985-8466-F476E9A7B741}.Debug|Any CPU.ActiveCfg = Debug|Any CPU
		{819B395F-AE98-4985-8466-F476E9A7B741}.Debug|Any CPU.Build.0 = Debug|Any CPU
		{819B395F-AE98-4985-8466-F476E9A7B741}.Release|Any CPU.ActiveCfg = Release|Any CPU
		{819B395F-AE98-4985-8466-F476E9A7B741}.Release|Any CPU.Build.0 = Release|Any CPU
		{04DFC105-95BA-46C9-B8C9-010FF2C29546}.Debug|Any CPU.ActiveCfg = Debug|Any CPU
		{04DFC105-95BA-46C9-B8C9-010FF2C29546}.Debug|Any CPU.Build.0 = Debug|Any CPU
		{04DFC105-95BA-46C9-B8C9-010FF2C29546}.Release|Any CPU.ActiveCfg = Release|Any CPU
		{04DFC105-95BA-46C9-B8C9-010FF2C29546}.Release|Any CPU.Build.0 = Release|Any CPU
		{79364EBD-D695-4121-80E9-F1F709C597BE}.Debug|Any CPU.ActiveCfg = Debug|Any CPU
		{79364EBD-D695-4121-80E9-F1F709C597BE}.Debug|Any CPU.Build.0 = Debug|Any CPU
		{79364EBD-D695-4121-80E9-F1F709C597BE}.Release|Any CPU.ActiveCfg = Release|Any CPU
		{79364EBD-D695-4121-80E9-F1F709C597BE}.Release|Any CPU.Build.0 = Release|Any CPU
		{0834DB79-A735-4CE1-9BF5-9AA93D5B975D}.Debug|Any CPU.ActiveCfg = Debug|Any CPU
		{0834DB79-A735-4CE1-9BF5-9AA93D5B975D}.Debug|Any CPU.Build.0 = Debug|Any CPU
		{0834DB79-A735-4CE1-9BF5-9AA93D5B975D}.Release|Any CPU.ActiveCfg = Release|Any CPU
		{0834DB79-A735-4CE1-9BF5-9AA93D5B975D}.Release|Any CPU.Build.0 = Release|Any CPU
		{9AB90307-BDAE-49CB-B0E1-311573F60A13}.Debug|Any CPU.ActiveCfg = Debug|Any CPU
		{9AB90307-BDAE-49CB-B0E1-311573F60A13}.Debug|Any CPU.Build.0 = Debug|Any CPU
		{9AB90307-BDAE-49CB-B0E1-311573F60A13}.Release|Any CPU.ActiveCfg = Release|Any CPU
		{9AB90307-BDAE-49CB-B0E1-311573F60A13}.Release|Any CPU.Build.0 = Release|Any CPU
		{75F71501-0971-4CA4-8686-E61619FD9CF8}.Debug|Any CPU.ActiveCfg = Debug|Any CPU
		{75F71501-0971-4CA4-8686-E61619FD9CF8}.Debug|Any CPU.Build.0 = Debug|Any CPU
		{75F71501-0971-4CA4-8686-E61619FD9CF8}.Release|Any CPU.ActiveCfg = Release|Any CPU
		{75F71501-0971-4CA4-8686-E61619FD9CF8}.Release|Any CPU.Build.0 = Release|Any CPU
		{0A47A38F-EFB5-4DCF-9CEC-5F6FBC8D5EC6}.Debug|Any CPU.ActiveCfg = Debug|Any CPU
		{0A47A38F-EFB5-4DCF-9CEC-5F6FBC8D5EC6}.Debug|Any CPU.Build.0 = Debug|Any CPU
		{0A47A38F-EFB5-4DCF-9CEC-5F6FBC8D5EC6}.Release|Any CPU.ActiveCfg = Release|Any CPU
		{0A47A38F-EFB5-4DCF-9CEC-5F6FBC8D5EC6}.Release|Any CPU.Build.0 = Release|Any CPU
		{BB4BD9D9-D307-4F81-A89E-833DA688629B}.Debug|Any CPU.ActiveCfg = Debug|Any CPU
		{BB4BD9D9-D307-4F81-A89E-833DA688629B}.Debug|Any CPU.Build.0 = Debug|Any CPU
		{BB4BD9D9-D307-4F81-A89E-833DA688629B}.Release|Any CPU.ActiveCfg = Release|Any CPU
		{BB4BD9D9-D307-4F81-A89E-833DA688629B}.Release|Any CPU.Build.0 = Release|Any CPU
		{846348DD-9034-4C36-8342-955B1BAA42C5}.Debug|Any CPU.ActiveCfg = Debug|Any CPU
		{846348DD-9034-4C36-8342-955B1BAA42C5}.Debug|Any CPU.Build.0 = Debug|Any CPU
		{846348DD-9034-4C36-8342-955B1BAA42C5}.Release|Any CPU.ActiveCfg = Release|Any CPU
		{846348DD-9034-4C36-8342-955B1BAA42C5}.Release|Any CPU.Build.0 = Release|Any CPU
	EndGlobalSection
	GlobalSection(SolutionProperties) = preSolution
		HideSolutionNode = FALSE
	EndGlobalSection
	GlobalSection(NestedProjects) = preSolution
		{79EECA62-3315-4AAE-B06A-2E3C83FF4280} = {A5EA2C7D-846F-4266-8423-EFC4BA0FE4B6}
		{C538F047-D739-4806-88AC-93A536BF7278} = {A5EA2C7D-846F-4266-8423-EFC4BA0FE4B6}
		{F4F93A01-7772-4C5F-BD18-3C8E04A46207} = {A5EA2C7D-846F-4266-8423-EFC4BA0FE4B6}
		{8F6CB4AE-169E-4C43-B912-BBADD63675FA} = {BB0A8314-3127-4159-8B6A-64F97FEF9474}
		{19B88F1C-E9BE-4B6C-AAD7-784A187D7961} = {BB3CF729-8213-4DDD-85AE-A5E7754F3944}
		{01AFED7A-78F1-4B21-A109-4431277AB854} = {BB0A8314-3127-4159-8B6A-64F97FEF9474}
		{71324B07-0CDA-4DF1-AECD-ADA714DEF6DD} = {BB0A8314-3127-4159-8B6A-64F97FEF9474}
		{26CEBD54-FC5B-4437-A009-6643EE849413} = {A5EA2C7D-846F-4266-8423-EFC4BA0FE4B6}
		{1AABF5E9-B0D2-455D-AF73-C2DB3C5F9A78} = {BB0A8314-3127-4159-8B6A-64F97FEF9474}
		{C7142321-EA67-4BEA-9503-1D5BD183CDD2} = {BB3CF729-8213-4DDD-85AE-A5E7754F3944}
		{9F4516D5-D045-4840-BA4D-34EF4684C6CB} = {BB3CF729-8213-4DDD-85AE-A5E7754F3944}
		{819B395F-AE98-4985-8466-F476E9A7B741} = {9F4516D5-D045-4840-BA4D-34EF4684C6CB}
		{04DFC105-95BA-46C9-B8C9-010FF2C29546} = {9F4516D5-D045-4840-BA4D-34EF4684C6CB}
		{79364EBD-D695-4121-80E9-F1F709C597BE} = {9F4516D5-D045-4840-BA4D-34EF4684C6CB}
		{BA0346AF-2FAF-4D56-95A3-CE1FD90A947F} = {BB3CF729-8213-4DDD-85AE-A5E7754F3944}
		{0834DB79-A735-4CE1-9BF5-9AA93D5B975D} = {BA0346AF-2FAF-4D56-95A3-CE1FD90A947F}
		{9AB90307-BDAE-49CB-B0E1-311573F60A13} = {BA0346AF-2FAF-4D56-95A3-CE1FD90A947F}
		{5BF49662-B74E-4F54-913F-BB4BF6BE5634} = {BB3CF729-8213-4DDD-85AE-A5E7754F3944}
		{75F71501-0971-4CA4-8686-E61619FD9CF8} = {5BF49662-B74E-4F54-913F-BB4BF6BE5634}
		{0A47A38F-EFB5-4DCF-9CEC-5F6FBC8D5EC6} = {BB3CF729-8213-4DDD-85AE-A5E7754F3944}
		{BB4BD9D9-D307-4F81-A89E-833DA688629B} = {BB3CF729-8213-4DDD-85AE-A5E7754F3944}
		{846348DD-9034-4C36-8342-955B1BAA42C5} = {9F4516D5-D045-4840-BA4D-34EF4684C6CB}
	EndGlobalSection
	GlobalSection(ExtensibilityGlobals) = postSolution
		SolutionGuid = {DBFC70D6-49A2-40A1-AB08-5D9504AB7112}
	EndGlobalSection
EndGlobal
